{
    "_readme": [
        "This file locks the dependencies of your project to a known state",
        "Read more about it at https://getcomposer.org/doc/01-basic-usage.md#installing-dependencies",
        "This file is @generated automatically"
    ],
    "content-hash": "c0f1e982c3797067919368ab783882fe",
    "packages": [],
    "packages-dev": [
        {
            "name": "szymach/c-pchart",
            "version": "v3.0.8",
            "source": {
                "type": "git",
                "url": "https://github.com/szymach/c-pchart.git",
                "reference": "9cbaa966ec536621ba50346f04ebc37ad962f4a5"
            },
            "dist": {
                "type": "zip",
                "url": "https://api.github.com/repos/szymach/c-pchart/zipball/9cbaa966ec536621ba50346f04ebc37ad962f4a5",
                "reference": "9cbaa966ec536621ba50346f04ebc37ad962f4a5",
                "shasum": ""
            },
            "require": {
                "ext-gd": "*",
                "php": ">=5.4"
            },
            "require-dev": {
                "codeception/codeception": "^2.4",
                "phpunit/phpunit": "^4.8|^7.1",
                "squizlabs/php_codesniffer": "^3.4"
            },
            "type": "library",
            "extra": {
                "branch-alias": {
                    "dev-master": "3.0.x-dev",
                    "2.0": "2.0.x-dev"
                }
            },
            "autoload": {
                "psr-4": {
                    "CpChart\\": "src/"
                },
                "files": [
                    "constants.php"
                ]
            },
            "notification-url": "https://packagist.org/downloads/",
            "license": [
                "GPL-3.0-only"
            ],
            "authors": [
                {
                    "name": "Jean-Damien Pogolotti",
                    "homepage": "http://www.pchart.net",
                    "role": "Creator of the original pChart library"
                },
                {
                    "name": "Piotr Szymaszek",
                    "homepage": "https://github.com/szymach",
                    "role": "Developer of the CpChart wrapper package"
                }
            ],
            "description": "Port of \"pChart\" library into PHP 5+",
            "homepage": "https://github.com/szymach/c-pchart",
            "keywords": [
                "CpChart",
                "c-pChart",
                "charts",
                "pchart",
                "statistics"
            ],
            "time": "2019-07-26T22:38:20+00:00"
        }
    ],
    "aliases": [],
    "minimum-stability": "stable",
    "stability-flags": [],
    "prefer-stable": false,
    "prefer-lowest": false,
    "platform": [],
    "platform-dev": {
        "ext-curl": "*"
    }
}
